<?xml version="1.0" encoding="utf-8"?>
<Project ToolsVersion="4.0" xmlns="http://schemas.microsoft.com/developer/msbuild/2003">
  <ItemGroup>
    <Filter Include="Исходные файлы">
      <UniqueIdentifier>{4FC737F1-C7A5-4376-A066-2A32D752A2FF}</UniqueIdentifier>
      <Extensions>cpp;c;cc;cxx;c++;cppm;ixx;def;odl;idl;hpj;bat;asm;asmx</Extensions>
    </Filter>
    <Filter Include="Файлы заголовков">
      <UniqueIdentifier>{93995380-89BD-4b04-88EB-625FBE52EBFB}</UniqueIdentifier>
      <Extensions>h;hh;hpp;hxx;h++;hm;inl;inc;ipp;xsd</Extensions>
    </Filter>
    <Filter Include="Файлы ресурсов">
      <UniqueIdentifier>{67DA6AB6-F800-4c08-8B7A-83BB121AAD01}</UniqueIdentifier>
      <Extensions>rc;ico;cur;bmp;dlg;rc2;rct;bin;rgs;gif;jpg;jpeg;jpe;resx;tiff;tif;png;wav;mfcribbon-ms</Extensions>
    </Filter>
    <Filter Include="Исходные файлы\GameLogic">
      <UniqueIdentifier>{9ba07d52-0c08-4d6c-8da6-aaef6e70f319}</UniqueIdentifier>
    </Filter>
    <Filter Include="Файлы заголовков\GameLogic.h">
      <UniqueIdentifier>{32875a28-4ab1-490d-8d38-5b35e4fce666}</UniqueIdentifier>
    </Filter>
    <Filter Include="Исходные файлы\MainLogic">
      <UniqueIdentifier>{b3d2036d-3b9f-41fb-9e07-b20d90b06011}</UniqueIdentifier>
    </Filter>
    <Filter Include="Исходные файлы\MenuLogic">
      <UniqueIdentifier>{25adaf1f-df07-4fa6-a7d7-c573ce75e5fa}</UniqueIdentifier>
    </Filter>
    <Filter Include="Файлы заголовков\MenuLogic.h">
      <UniqueIdentifier>{70a3f06a-8dd6-44a6-b5d1-aeeadca223ae}</UniqueIdentifier>
    </Filter>
    <Filter Include="Файлы заголовков\MainLogic.h">
      <UniqueIdentifier>{658b75bc-f5a7-4ba3-bd88-782dd8528cbf}</UniqueIdentifier>
    </Filter>
  </ItemGroup>
  <ItemGroup>
    <ClCompile Include="Snake.cpp">
      <Filter>Исходные файлы\GameLogic</Filter>
    </ClCompile>
    <ClCompile Include="level.cpp">
      <Filter>Исходные файлы\GameLogic</Filter>
    </ClCompile>
    <ClCompile Include="g_screen.cpp">
      <Filter>Исходные файлы\GameLogic</Filter>
    </ClCompile>
    <ClCompile Include="menu.cpp">
      <Filter>Исходные файлы\MenuLogic</Filter>
    </ClCompile>
    <ClCompile Include="pause.cpp">
      <Filter>Исходные файлы\MenuLogic</Filter>
    </ClCompile>
    <ClCompile Include="screen.cpp">
      <Filter>Исходные файлы\MainLogic</Filter>
    </ClCompile>
    <ClCompile Include="main.cpp">
      <Filter>Исходные файлы\MainLogic</Filter>
    </ClCompile>
    <ClCompile Include="Controller.cpp">
      <Filter>Исходные файлы\MainLogic</Filter>
    </ClCompile>
    <ClCompile Include="mainMenu.cpp">
      <Filter>Исходные файлы\MenuLogic</Filter>
    </ClCompile>
    <ClCompile Include="options.cpp">
      <Filter>Исходные файлы\MenuLogic</Filter>
    </ClCompile>
    <ClCompile Include="GameOver.cpp">
      <Filter>Исходные файлы\MenuLogic</Filter>
    </ClCompile>
    <ClCompile Include="Opt_size.cpp">
      <Filter>Исходные файлы\MenuLogic</Filter>
    </ClCompile>
    <ClCompile Include="Op_speed.cpp">
      <Filter>Исходные файлы\MenuLogic</Filter>
    </ClCompile>
  </ItemGroup>
  <ItemGroup>
    <ClInclude Include="level.h">
      <Filter>Файлы заголовков\GameLogic.h</Filter>
    </ClInclude>
    <ClInclude Include="g_screen.h">
      <Filter>Файлы заголовков\GameLogic.h</Filter>
    </ClInclude>
    <ClInclude Include="Snake.h">
      <Filter>Файлы заголовков\GameLogic.h</Filter>
    </ClInclude>
    <ClInclude Include="menu.h">
      <Filter>Файлы заголовков\MenuLogic.h</Filter>
    </ClInclude>
    <ClInclude Include="pause.h">
      <Filter>Файлы заголовков\MenuLogic.h</Filter>
    </ClInclude>
    <ClInclude Include="screen.h">
      <Filter>Файлы заголовков\MainLogic.h</Filter>
    </ClInclude>
    <ClInclude Include="Header.h">
      <Filter>Файлы заголовков\MainLogic.h</Filter>
    </ClInclude>
    <ClInclude Include="Controller.h">
      <Filter>Файлы заголовков\MainLogic.h</Filter>
    </ClInclude>
    <ClInclude Include="options.h">
      <Filter>Файлы заголовков\MenuLogic.h</Filter>
    </ClInclude>
    <ClInclude Include="mainMenu.h">
      <Filter>Файлы заголовков\MenuLogic.h</Filter>
    </ClInclude>
    <ClInclude Include="GameOver.h">
      <Filter>Файлы заголовков\MenuLogic.h</Filter>
    </ClInclude>
    <ClInclude Include="Opt_size.h">
      <Filter>Файлы заголовков\MenuLogic.h</Filter>
    </ClInclude>
    <ClInclude Include="Op_speed.h">
      <Filter>Файлы заголовков\MenuLogic.h</Filter>
    </ClInclude>
  </ItemGroup>
  <ItemGroup>
    <Font Include="..\Debug\V5.ttf">
      <Filter>Файлы ресурсов</Filter>
    </Font>
    <Font Include="..\Debug\arial.ttf">
      <Filter>Файлы ресурсов</Filter>
    </Font>
  </ItemGroup>
</Project>